
Microsoft Visual Studio Solution File, Format Version 12.00
# Visual Studio Version 17
VisualStudioVersion = 17.2.32616.157
MinimumVisualStudioVersion = 10.0.40219.1
Project("{8BC9CEB8-8B4A-11D0-8D11-00A0C91BC942}") = "Lab2", "Lab2\Lab2.vcxproj", "{7FADF82C-948F-49F8-9E1D-3D72EDDC3326}"
EndProject
Project("{8BC9CEB8-8B4A-11D0-8D11-00A0C91BC942}") = "Lab3", "Lab3\Lab3.vcxproj", "{A68D8026-8634-4D59-A93F-7700F0EF42FD}"
EndProject
Project("{8BC9CEB8-8B4A-11D0-8D11-00A0C91BC942}") = "Lab4Part2", "Lab4Part2\Lab4Part2.vcxproj", "{0D633F9D-EA02-42E5-B733-FB2176E400C9}"
EndProject
Project("{8BC9CEB8-8B4A-11D0-8D11-00A0C91BC942}") = "Lab4Part3", "Lab4Part3\Lab4Part3.vcxproj", "{76F8F12C-9CF4-4473-9BF5-BF4AA8EA4281}"
EndProject
Project("{8BC9CEB8-8B4A-11D0-8D11-00A0C91BC942}") = "Lab5", "Lab5\Lab5.vcxproj", "{E1742A9C-5977-46CD-84A7-400AC3EE918B}"
EndProject
Project("{8BC9CEB8-8B4A-11D0-8D11-00A0C91BC942}") = "Lab6", "Lab6\Lab6.vcxproj", "{1660D68B-5087-4796-AED4-B1627D213B71}"
EndProject
Project("{8BC9CEB8-8B4A-11D0-8D11-00A0C91BC942}") = "Lab7", "Lab7\Lab7.vcxproj", "{724A1DE8-E81B-48A0-96DA-854418D9C478}"
EndProject
Project("{8BC9CEB8-8B4A-11D0-8D11-00A0C91BC942}") = "Lab8", "Lab8\Lab8.vcxproj", "{AEC66084-0C1F-40BF-82E2-BD7387AAA026}"
EndProject
Project("{8BC9CEB8-8B4A-11D0-8D11-00A0C91BC942}") = "Lab9", "Lab9\Lab9.vcxproj", "{3D05CDFF-4CC5-42B1-ABA9-BA7AF8F2AE53}"
EndProject
Project("{8BC9CEB8-8B4A-11D0-8D11-00A0C91BC942}") = "Lab10", "Lab10\Lab10.vcxproj", "{F0204F52-5A65-4FB9-B669-1A69CAB3C2C8}"
EndProject
Project("{8BC9CEB8-8B4A-11D0-8D11-00A0C91BC942}") = "Lab11", "Lab11\Lab11.vcxproj", "{399F1EAD-F32F-44C4-A339-6CD8F96D3FD2}"
EndProject
Project("{8BC9CEB8-8B4A-11D0-8D11-00A0C91BC942}") = "Lab12", "Lab12\Lab12.vcxproj", "{66307C11-11A9-4FBC-80CE-054B84946835}"
EndProject
Global
	GlobalSection(SolutionConfigurationPlatforms) = preSolution
		Debug|x64 = Debug|x64
		Debug|x86 = Debug|x86
		Release|x64 = Release|x64
		Release|x86 = Release|x86
	EndGlobalSection
	GlobalSection(ProjectConfigurationPlatforms) = postSolution
		{7FADF82C-948F-49F8-9E1D-3D72EDDC3326}.Debug|x64.ActiveCfg = Debug|x64
		{7FADF82C-948F-49F8-9E1D-3D72EDDC3326}.Debug|x64.Build.0 = Debug|x64
		{7FADF82C-948F-49F8-9E1D-3D72EDDC3326}.Debug|x86.ActiveCfg = Debug|Win32
		{7FADF82C-948F-49F8-9E1D-3D72EDDC3326}.Debug|x86.Build.0 = Debug|Win32
		{7FADF82C-948F-49F8-9E1D-3D72EDDC3326}.Release|x64.ActiveCfg = Release|x64
		{7FADF82C-948F-49F8-9E1D-3D72EDDC3326}.Release|x64.Build.0 = Release|x64
		{7FADF82C-948F-49F8-9E1D-3D72EDDC3326}.Release|x86.ActiveCfg = Release|Win32
		{7FADF82C-948F-49F8-9E1D-3D72EDDC3326}.Release|x86.Build.0 = Release|Win32
		{A68D8026-8634-4D59-A93F-7700F0EF42FD}.Debug|x64.ActiveCfg = Debug|x64
		{A68D8026-8634-4D59-A93F-7700F0EF42FD}.Debug|x64.Build.0 = Debug|x64
		{A68D8026-8634-4D59-A93F-7700F0EF42FD}.Debug|x86.ActiveCfg = Debug|Win32
		{A68D8026-8634-4D59-A93F-7700F0EF42FD}.Debug|x86.Build.0 = Debug|Win32
		{A68D8026-8634-4D59-A93F-7700F0EF42FD}.Release|x64.ActiveCfg = Release|x64
		{A68D8026-8634-4D59-A93F-7700F0EF42FD}.Release|x64.Build.0 = Release|x64
		{A68D8026-8634-4D59-A93F-7700F0EF42FD}.Release|x86.ActiveCfg = Release|Win32
		{A68D8026-8634-4D59-A93F-7700F0EF42FD}.Release|x86.Build.0 = Release|Win32
		{0D633F9D-EA02-42E5-B733-FB2176E400C9}.Debug|x64.ActiveCfg = Debug|x64
		{0D633F9D-EA02-42E5-B733-FB2176E400C9}.Debug|x64.Build.0 = Debug|x64
		{0D633F9D-EA02-42E5-B733-FB2176E400C9}.Debug|x86.ActiveCfg = Debug|Win32
		{0D633F9D-EA02-42E5-B733-FB2176E400C9}.Debug|x86.Build.0 = Debug|Win32
		{0D633F9D-EA02-42E5-B733-FB2176E400C9}.Release|x64.ActiveCfg = Release|x64
		{0D633F9D-EA02-42E5-B733-FB2176E400C9}.Release|x64.Build.0 = Release|x64
		{0D633F9D-EA02-42E5-B733-FB2176E400C9}.Release|x86.ActiveCfg = Release|Win32
		{0D633F9D-EA02-42E5-B733-FB2176E400C9}.Release|x86.Build.0 = Release|Win32
		{76F8F12C-9CF4-4473-9BF5-BF4AA8EA4281}.Debug|x64.ActiveCfg = Debug|x64
		{76F8F12C-9CF4-4473-9BF5-BF4AA8EA4281}.Debug|x64.Build.0 = Debug|x64
		{76F8F12C-9CF4-4473-9BF5-BF4AA8EA4281}.Debug|x86.ActiveCfg = Debug|Win32
		{76F8F12C-9CF4-4473-9BF5-BF4AA8EA4281}.Debug|x86.Build.0 = Debug|Win32
		{76F8F12C-9CF4-4473-9BF5-BF4AA8EA4281}.Release|x64.ActiveCfg = Release|x64
		{76F8F12C-9CF4-4473-9BF5-BF4AA8EA4281}.Release|x64.Build.0 = Release|x64
		{76F8F12C-9CF4-4473-9BF5-BF4AA8EA4281}.Release|x86.ActiveCfg = Release|Win32
		{76F8F12C-9CF4-4473-9BF5-BF4AA8EA4281}.Release|x86.Build.0 = Release|Win32
		{E1742A9C-5977-46CD-84A7-400AC3EE918B}.Debug|x64.ActiveCfg = Debug|x64
		{E1742A9C-5977-46CD-84A7-400AC3EE918B}.Debug|x64.Build.0 = Debug|x64
		{E1742A9C-5977-46CD-84A7-400AC3EE918B}.Debug|x86.ActiveCfg = Debug|Win32
		{E1742A9C-5977-46CD-84A7-400AC3EE918B}.Debug|x86.Build.0 = Debug|Win32
		{E1742A9C-5977-46CD-84A7-400AC3EE918B}.Release|x64.ActiveCfg = Release|x64
		{E1742A9C-5977-46CD-84A7-400AC3EE918B}.Release|x64.Build.0 = Release|x64
		{E1742A9C-5977-46CD-84A7-400AC3EE918B}.Release|x86.ActiveCfg = Release|Win32
		{E1742A9C-5977-46CD-84A7-400AC3EE918B}.Release|x86.Build.0 = Release|Win32
		{1660D68B-5087-4796-AED4-B1627D213B71}.Debug|x64.ActiveCfg = Debug|x64
		{1660D68B-5087-4796-AED4-B1627D213B71}.Debug|x64.Build.0 = Debug|x64
		{1660D68B-5087-4796-AED4-B1627D213B71}.Debug|x86.ActiveCfg = Debug|Win32
		{1660D68B-5087-4796-AED4-B1627D213B71}.Debug|x86.Build.0 = Debug|Win32
		{1660D68B-5087-4796-AED4-B1627D213B71}.Release|x64.ActiveCfg = Release|x64
		{1660D68B-5087-4796-AED4-B1627D213B71}.Release|x64.Build.0 = Release|x64
		{1660D68B-5087-4796-AED4-B1627D213B71}.Release|x86.ActiveCfg = Release|Win32
		{1660D68B-5087-4796-AED4-B1627D213B71}.Release|x86.Build.0 = Release|Win32
		{724A1DE8-E81B-48A0-96DA-854418D9C478}.Debug|x64.ActiveCfg = Debug|x64
		{724A1DE8-E81B-48A0-96DA-854418D9C478}.Debug|x64.Build.0 = Debug|x64
		{724A1DE8-E81B-48A0-96DA-854418D9C478}.Debug|x86.ActiveCfg = Debug|Win32
		{724A1DE8-E81B-48A0-96DA-854418D9C478}.Debug|x86.Build.0 = Debug|Win32
		{724A1DE8-E81B-48A0-96DA-854418D9C478}.Release|x64.ActiveCfg = Release|x64
		{724A1DE8-E81B-48A0-96DA-854418D9C478}.Release|x64.Build.0 = Release|x64
		{724A1DE8-E81B-48A0-96DA-854418D9C478}.Release|x86.ActiveCfg = Release|Win32
		{724A1DE8-E81B-48A0-96DA-854418D9C478}.Release|x86.Build.0 = Release|Win32
		{AEC66084-0C1F-40BF-82E2-BD7387AAA026}.Debug|x64.ActiveCfg = Debug|x64
		{AEC66084-0C1F-40BF-82E2-BD7387AAA026}.Debug|x64.Build.0 = Debug|x64
		{AEC66084-0C1F-40BF-82E2-BD7387AAA026}.Debug|x86.ActiveCfg = Debug|Win32
		{AEC66084-0C1F-40BF-82E2-BD7387AAA026}.Debug|x86.Build.0 = Debug|Win32
		{AEC66084-0C1F-40BF-82E2-BD7387AAA026}.Release|x64.ActiveCfg = Release|x64
		{AEC66084-0C1F-40BF-82E2-BD7387AAA026}.Release|x64.Build.0 = Release|x64
		{AEC66084-0C1F-40BF-82E2-BD7387AAA026}.Release|x86.ActiveCfg = Release|Win32
		{AEC66084-0C1F-40BF-82E2-BD7387AAA026}.Release|x86.Build.0 = Release|Win32
		{3D05CDFF-4CC5-42B1-ABA9-BA7AF8F2AE53}.Debug|x64.ActiveCfg = Debug|x64
		{3D05CDFF-4CC5-42B1-ABA9-BA7AF8F2AE53}.Debug|x64.Build.0 = Debug|x64
		{3D05CDFF-4CC5-42B1-ABA9-BA7AF8F2AE53}.Debug|x86.ActiveCfg = Debug|Win32
		{3D05CDFF-4CC5-42B1-ABA9-BA7AF8F2AE53}.Debug|x86.Build.0 = Debug|Win32
		{3D05CDFF-4CC5-42B1-ABA9-BA7AF8F2AE53}.Release|x64.ActiveCfg = Release|x64
		{3D05CDFF-4CC5-42B1-ABA9-BA7AF8F2AE53}.Release|x64.Build.0 = Release|x64
		{3D05CDFF-4CC5-42B1-ABA9-BA7AF8F2AE53}.Release|x86.ActiveCfg = Release|Win32
		{3D05CDFF-4CC5-42B1-ABA9-BA7AF8F2AE53}.Release|x86.Build.0 = Release|Win32
		{F0204F52-5A65-4FB9-B669-1A69CAB3C2C8}.Debug|x64.ActiveCfg = Debug|x64
		{F0204F52-5A65-4FB9-B669-1A69CAB3C2C8}.Debug|x64.Build.0 = Debug|x64
		{F0204F52-5A65-4FB9-B669-1A69CAB3C2C8}.Debug|x86.ActiveCfg = Debug|Win32
		{F0204F52-5A65-4FB9-B669-1A69CAB3C2C8}.Debug|x86.Build.0 = Debug|Win32
		{F0204F52-5A65-4FB9-B669-1A69CAB3C2C8}.Release|x64.ActiveCfg = Release|x64
		{F0204F52-5A65-4FB9-B669-1A69CAB3C2C8}.Release|x64.Build.0 = Release|x64
		{F0204F52-5A65-4FB9-B669-1A69CAB3C2C8}.Release|x86.ActiveCfg = Release|Win32
		{F0204F52-5A65-4FB9-B669-1A69CAB3C2C8}.Release|x86.Build.0 = Release|Win32
		{399F1EAD-F32F-44C4-A339-6CD8F96D3FD2}.Debug|x64.ActiveCfg = Debug|x64
		{399F1EAD-F32F-44C4-A339-6CD8F96D3FD2}.Debug|x64.Build.0 = Debug|x64
		{399F1EAD-F32F-44C4-A339-6CD8F96D3FD2}.Debug|x86.ActiveCfg = Debug|Win32
		{399F1EAD-F32F-44C4-A339-6CD8F96D3FD2}.Debug|x86.Build.0 = Debug|Win32
		{399F1EAD-F32F-44C4-A339-6CD8F96D3FD2}.Release|x64.ActiveCfg = Release|x64
		{399F1EAD-F32F-44C4-A339-6CD8F96D3FD2}.Release|x64.Build.0 = Release|x64
		{399F1EAD-F32F-44C4-A339-6CD8F96D3FD2}.Release|x86.ActiveCfg = Release|Win32
		{399F1EAD-F32F-44C4-A339-6CD8F96D3FD2}.Release|x86.Build.0 = Release|Win32
		{66307C11-11A9-4FBC-80CE-054B84946835}.Debug|x64.ActiveCfg = Debug|x64
		{66307C11-11A9-4FBC-80CE-054B84946835}.Debug|x64.Build.0 = Debug|x64
		{66307C11-11A9-4FBC-80CE-054B84946835}.Debug|x86.ActiveCfg = Debug|Win32
		{66307C11-11A9-4FBC-80CE-054B84946835}.Debug|x86.Build.0 = Debug|Win32
		{66307C11-11A9-4FBC-80CE-054B84946835}.Release|x64.ActiveCfg = Release|x64
		{66307C11-11A9-4FBC-80CE-054B84946835}.Release|x64.Build.0 = Release|x64
		{66307C11-11A9-4FBC-80CE-054B84946835}.Release|x86.ActiveCfg = Release|Win32
		{66307C11-11A9-4FBC-80CE-054B84946835}.Release|x86.Build.0 = Release|Win32
	EndGlobalSection
	GlobalSection(SolutionProperties) = preSolution
		HideSolutionNode = FALSE
	EndGlobalSection
	GlobalSection(ExtensibilityGlobals) = postSolution
		SolutionGuid = {A3360DC1-4265-4C61-91EC-2C600BF2DB54}
	EndGlobalSection
EndGlobal
